
Microsoft Visual Studio Solution File, Format Version 12.00
# Visual Studio 2013
VisualStudioVersion = 12.0.21005.1
MinimumVisualStudioVersion = 10.0.40219.1
Project("{FAE04EC0-301F-11D3-BF4B-00C04F79EFBC}") = "QuanLyVeSo", "QuanLyVeSo\QuanLyVeSo.csproj", "{A4F86649-C6E5-424A-81B8-86F0634229B0}"
EndProject
Project("{FAE04EC0-301F-11D3-BF4B-00C04F79EFBC}") = "Model", "Model\Model.csproj", "{E1222894-FB2D-4F8D-9DC2-19500693F866}"
EndProject
Global
	GlobalSection(SolutionConfigurationPlatforms) = preSolution
		Debug|Any CPU = Debug|Any CPU
		Release|Any CPU = Release|Any CPU
	EndGlobalSection
	GlobalSection(ProjectConfigurationPlatforms) = postSolution
		{A4F86649-C6E5-424A-81B8-86F0634229B0}.Debug|Any CPU.ActiveCfg = Debug|Any CPU
		{A4F86649-C6E5-424A-81B8-86F0634229B0}.Debug|Any CPU.Build.0 = Debug|Any CPU
		{A4F86649-C6E5-424A-81B8-86F0634229B0}.Release|Any CPU.ActiveCfg = Release|Any CPU
		{A4F86649-C6E5-424A-81B8-86F0634229B0}.Release|Any CPU.Build.0 = Release|Any CPU
		{E1222894-FB2D-4F8D-9DC2-19500693F866}.Debug|Any CPU.ActiveCfg = Debug|Any CPU
		{E1222894-FB2D-4F8D-9DC2-19500693F866}.Debug|Any CPU.Build.0 = Debug|Any CPU
		{E1222894-FB2D-4F8D-9DC2-19500693F866}.Release|Any CPU.ActiveCfg = Release|Any CPU
		{E1222894-FB2D-4F8D-9DC2-19500693F866}.Release|Any CPU.Build.0 = Release|Any CPU
	EndGlobalSection
	GlobalSection(SolutionProperties) = preSolution
		HideSolutionNode = FALSE
	EndGlobalSection
EndGlobal
